
Microsoft Visual Studio Solution File, Format Version 12.00
# Visual Studio Version 16
VisualStudioVersion = 16.0.30621.155
MinimumVisualStudioVersion = 10.0.40219.1
Project("{FAE04EC0-301F-11D3-BF4B-00C04F79EFBC}") = "FirstAPI", "FirstAPI\FirstAPI.csproj", "{D2ACD97A-0415-4578-8167-75E8E088F47D}"
EndProject
Global
	GlobalSection(SolutionConfigurationPlatforms) = preSolution
		Debug|Any CPU = Debug|Any CPU
		Release|Any CPU = Release|Any CPU
	EndGlobalSection
	GlobalSection(ProjectConfigurationPlatforms) = postSolution
		{D2ACD97A-0415-4578-8167-75E8E088F47D}.Debug|Any CPU.ActiveCfg = Debug|Any CPU
		{D2ACD97A-0415-4578-8167-75E8E088F47D}.Debug|Any CPU.Build.0 = Debug|Any CPU
		{D2ACD97A-0415-4578-8167-75E8E088F47D}.Release|Any CPU.ActiveCfg = Release|Any CPU
		{D2ACD97A-0415-4578-8167-75E8E088F47D}.Release|Any CPU.Build.0 = Release|Any CPU
	EndGlobalSection
	GlobalSection(SolutionProperties) = preSolution
		HideSolutionNode = FALSE
	EndGlobalSection
	GlobalSection(ExtensibilityGlobals) = postSolution
		SolutionGuid = {C4AB3090-B68A-4898-95B1-EE67300E76A6}
	EndGlobalSection
EndGlobal
